
Microsoft Visual Studio Solution File, Format Version 10.00
# Visual C++ Express 2008
Project("{8BC9CEB8-8B4A-11D0-8D11-00A0C91BC942}") = "lr_2_oop", "lr_2_oop\lr_2_oop.vcproj", "{32564871-9023-4008-910B-7C464D496867}"
EndProject
Global
	GlobalSection(SolutionConfigurationPlatforms) = preSolution
		Debug|Win32 = Debug|Win32
		Release|Win32 = Release|Win32
	EndGlobalSection
	GlobalSection(ProjectConfigurationPlatforms) = postSolution
		{32564871-9023-4008-910B-7C464D496867}.Debug|Win32.ActiveCfg = Debug|Win32
		{32564871-9023-4008-910B-7C464D496867}.Debug|Win32.Build.0 = Debug|Win32
		{32564871-9023-4008-910B-7C464D496867}.Release|Win32.ActiveCfg = Release|Win32
		{32564871-9023-4008-910B-7C464D496867}.Release|Win32.Build.0 = Release|Win32
	EndGlobalSection
	GlobalSection(SolutionProperties) = preSolution
		HideSolutionNode = FALSE
	EndGlobalSection
EndGlobal
