
Microsoft Visual Studio Solution File, Format Version 10.00
# Visual C++ Express 2008
Project("{8BC9CEB8-8B4A-11D0-8D11-00A0C91BC942}") = "lr_3_oop", "lr_3_oop\lr_3_oop.vcproj", "{B55D6020-166A-41A7-8E6B-829ECF5A6903}"
EndProject
Global
	GlobalSection(SolutionConfigurationPlatforms) = preSolution
		Debug|Win32 = Debug|Win32
		Release|Win32 = Release|Win32
	EndGlobalSection
	GlobalSection(ProjectConfigurationPlatforms) = postSolution
		{B55D6020-166A-41A7-8E6B-829ECF5A6903}.Debug|Win32.ActiveCfg = Debug|Win32
		{B55D6020-166A-41A7-8E6B-829ECF5A6903}.Debug|Win32.Build.0 = Debug|Win32
		{B55D6020-166A-41A7-8E6B-829ECF5A6903}.Release|Win32.ActiveCfg = Release|Win32
		{B55D6020-166A-41A7-8E6B-829ECF5A6903}.Release|Win32.Build.0 = Release|Win32
	EndGlobalSection
	GlobalSection(SolutionProperties) = preSolution
		HideSolutionNode = FALSE
	EndGlobalSection
EndGlobal
